// !$*UTF8*$!
{
	archiveVersion = 1;
	classes = {
	};
	objectVersion = 46;
	objects = {

/* Begin PBXBuildFile section */
		2C0A66C41C6A1EA4001BFC72 /* AgendaTableViewCell.swift in Sources */ = {isa = PBXBuildFile; fileRef = 2C0A66C31C6A1EA4001BFC72 /* AgendaTableViewCell.swift */; };
		2C0A66C91C6A2221001BFC72 /* jateado.jpg in Resources */ = {isa = PBXBuildFile; fileRef = 2C0A66C81C6A2221001BFC72 /* jateado.jpg */; };
		2C0A66CB1C6A2674001BFC72 /* Evento.swift in Sources */ = {isa = PBXBuildFile; fileRef = 2C0A66CA1C6A2674001BFC72 /* Evento.swift */; };
		2C0A66D01C6A285F001BFC72 /* carnaval.jpg in Resources */ = {isa = PBXBuildFile; fileRef = 2C0A66CD1C6A285F001BFC72 /* carnaval.jpg */; };
		2C0A66D11C6A285F001BFC72 /* rock.jpg in Resources */ = {isa = PBXBuildFile; fileRef = 2C0A66CE1C6A285F001BFC72 /* rock.jpg */; };
		2C0A66D21C6A285F001BFC72 /* teatro.jpg in Resources */ = {isa = PBXBuildFile; fileRef = 2C0A66CF1C6A285F001BFC72 /* teatro.jpg */; };
		2C5FB23B1C668AE40037B375 /* Eventos.jpg in Resources */ = {isa = PBXBuildFile; fileRef = 2C5FB23A1C668AE40037B375 /* Eventos.jpg */; };
		2C741F471C61842000400651 /* AppDelegate.swift in Sources */ = {isa = PBXBuildFile; fileRef = 2C741F461C61842000400651 /* AppDelegate.swift */; };
		2C741F4C1C61842000400651 /* Main.storyboard in Resources */ = {isa = PBXBuildFile; fileRef = 2C741F4A1C61842000400651 /* Main.storyboard */; };
		2C741F4E1C61842100400651 /* Assets.xcassets in Resources */ = {isa = PBXBuildFile; fileRef = 2C741F4D1C61842100400651 /* Assets.xcassets */; };
		2C741F511C61842100400651 /* LaunchScreen.storyboard in Resources */ = {isa = PBXBuildFile; fileRef = 2C741F4F1C61842100400651 /* LaunchScreen.storyboard */; };
		2C741F591C61846000400651 /* AgendaViewController.swift in Sources */ = {isa = PBXBuildFile; fileRef = 2C741F581C61846000400651 /* AgendaViewController.swift */; };
/* End PBXBuildFile section */

/* Begin PBXFileReference section */
		2C0A66C31C6A1EA4001BFC72 /* AgendaTableViewCell.swift */ = {isa = PBXFileReference; fileEncoding = 4; lastKnownFileType = sourcecode.swift; name = AgendaTableViewCell.swift; path = Custom/AgendaTableViewCell.swift; sourceTree = "<group>"; };
		2C0A66C81C6A2221001BFC72 /* jateado.jpg */ = {isa = PBXFileReference; lastKnownFileType = image.jpeg; path = jateado.jpg; sourceTree = "<group>"; };
		2C0A66CA1C6A2674001BFC72 /* Evento.swift */ = {isa = PBXFileReference; fileEncoding = 4; lastKnownFileType = sourcecode.swift; name = Evento.swift; path = Modelo/Evento.swift; sourceTree = "<group>"; };
		2C0A66CD1C6A285F001BFC72 /* carnaval.jpg */ = {isa = PBXFileReference; lastKnownFileType = image.jpeg; path = carnaval.jpg; sourceTree = "<group>"; };
		2C0A66CE1C6A285F001BFC72 /* rock.jpg */ = {isa = PBXFileReference; lastKnownFileType = image.jpeg; path = rock.jpg; sourceTree = "<group>"; };
		2C0A66CF1C6A285F001BFC72 /* teatro.jpg */ = {isa = PBXFileReference; lastKnownFileType = image.jpeg; path = teatro.jpg; sourceTree = "<group>"; };
		2C5FB23A1C668AE40037B375 /* Eventos.jpg */ = {isa = PBXFileReference; lastKnownFileType = image.jpeg; path = Eventos.jpg; sourceTree = "<group>"; };
		2C741F431C61842000400651 /* AgendaCultural.app */ = {isa = PBXFileReference; explicitFileType = wrapper.application; includeInIndex = 0; path = AgendaCultural.app; sourceTree = BUILT_PRODUCTS_DIR; };
		2C741F461C61842000400651 /* AppDelegate.swift */ = {isa = PBXFileReference; lastKnownFileType = sourcecode.swift; path = AppDelegate.swift; sourceTree = "<group>"; };
		2C741F4B1C61842000400651 /* Base */ = {isa = PBXFileReference; lastKnownFileType = file.storyboard; name = Base; path = Base.lproj/Main.storyboard; sourceTree = "<group>"; };
		2C741F4D1C61842100400651 /* Assets.xcassets */ = {isa = PBXFileReference; lastKnownFileType = folder.assetcatalog; path = Assets.xcassets; sourceTree = "<group>"; };
		2C741F501C61842100400651 /* Base */ = {isa = PBXFileReference; lastKnownFileType = file.storyboard; name = Base; path = Base.lproj/LaunchScreen.storyboard; sourceTree = "<group>"; };
		2C741F521C61842100400651 /* Info.plist */ = {isa = PBXFileReference; lastKnownFileType = text.plist.xml; path = Info.plist; sourceTree = "<group>"; };
		2C741F581C61846000400651 /* AgendaViewController.swift */ = {isa = PBXFileReference; fileEncoding = 4; lastKnownFileType = sourcecode.swift; name = AgendaViewController.swift; path = Controllers/AgendaViewController.swift; sourceTree = "<group>"; };
/* End PBXFileReference section */

/* Begin PBXFrameworksBuildPhase section */
		2C741F401C61842000400651 /* Frameworks */ = {
			isa = PBXFrameworksBuildPhase;
			buildActionMask = 2147483647;
			files = (
			);
			runOnlyForDeploymentPostprocessing = 0;
		};
/* End PBXFrameworksBuildPhase section */

/* Begin PBXGroup section */
		2C0A66C51C6A1EAC001BFC72 /* Custom */ = {
			isa = PBXGroup;
			children = (
				2C0A66C31C6A1EA4001BFC72 /* AgendaTableViewCell.swift */,
			);
			name = Custom;
			sourceTree = "<group>";
		};
		2C0A66CC1C6A267A001BFC72 /* Modelo */ = {
			isa = PBXGroup;
			children = (
				2C0A66CA1C6A2674001BFC72 /* Evento.swift */,
			);
			name = Modelo;
			sourceTree = "<group>";
		};
		2C741F3A1C61842000400651 = {
			isa = PBXGroup;
			children = (
				2C741F451C61842000400651 /* AgendaCultural */,
				2C741F441C61842000400651 /* Products */,
			);
			sourceTree = "<group>";
		};
		2C741F441C61842000400651 /* Products */ = {
			isa = PBXGroup;
			children = (
				2C741F431C61842000400651 /* AgendaCultural.app */,
			);
			name = Products;
			sourceTree = "<group>";
		};
		2C741F451C61842000400651 /* AgendaCultural */ = {
			isa = PBXGroup;
			children = (
				2C0A66CC1C6A267A001BFC72 /* Modelo */,
				2C0A66C51C6A1EAC001BFC72 /* Custom */,
				2C741F5A1C61846400400651 /* Controllers */,
				2C741F461C61842000400651 /* AppDelegate.swift */,
				2C741F4A1C61842000400651 /* Main.storyboard */,
				2C741F4D1C61842100400651 /* Assets.xcassets */,
				2C5FB23A1C668AE40037B375 /* Eventos.jpg */,
				2C0A66CD1C6A285F001BFC72 /* carnaval.jpg */,
				2C0A66CE1C6A285F001BFC72 /* rock.jpg */,
				2C0A66CF1C6A285F001BFC72 /* teatro.jpg */,
				2C741F4F1C61842100400651 /* LaunchScreen.storyboard */,
				2C0A66C81C6A2221001BFC72 /* jateado.jpg */,
				2C741F521C61842100400651 /* Info.plist */,
			);
			path = AgendaCultural;
			sourceTree = "<group>";
		};
		2C741F5A1C61846400400651 /* Controllers */ = {
			isa = PBXGroup;
			children = (
				2C741F581C61846000400651 /* AgendaViewController.swift */,
			);
			name = Controllers;
			sourceTree = "<group>";
		};
/* End PBXGroup section */

/* Begin PBXNativeTarget section */
		2C741F421C61842000400651 /* AgendaCultural */ = {
			isa = PBXNativeTarget;
			buildConfigurationList = 2C741F551C61842100400651 /* Build configuration list for PBXNativeTarget "AgendaCultural" */;
			buildPhases = (
				2C741F3F1C61842000400651 /* Sources */,
				2C741F401C61842000400651 /* Frameworks */,
				2C741F411C61842000400651 /* Resources */,
			);
			buildRules = (
			);
			dependencies = (
			);
			name = AgendaCultural;
			productName = AgendaCultural;
			productReference = 2C741F431C61842000400651 /* AgendaCultural.app */;
			productType = "com.apple.product-type.application";
		};
/* End PBXNativeTarget section */

/* Begin PBXProject section */
		2C741F3B1C61842000400651 /* Project object */ = {
			isa = PBXProject;
			attributes = {
				LastSwiftUpdateCheck = 0720;
				LastUpgradeCheck = 0720;
				ORGANIZATIONNAME = MP;
				TargetAttributes = {
					2C741F421C61842000400651 = {
						CreatedOnToolsVersion = 7.2;
						DevelopmentTeam = GD9BC4AK7R;
					};
				};
			};
			buildConfigurationList = 2C741F3E1C61842000400651 /* Build configuration list for PBXProject "AgendaCultural" */;
			compatibilityVersion = "Xcode 3.2";
			developmentRegion = English;
			hasScannedForEncodings = 0;
			knownRegions = (
				en,
				Base,
			);
			mainGroup = 2C741F3A1C61842000400651;
			productRefGroup = 2C741F441C61842000400651 /* Products */;
			projectDirPath = "";
			projectRoot = "";
			targets = (
				2C741F421C61842000400651 /* AgendaCultural */,
			);
		};
/* End PBXProject section */

/* Begin PBXResourcesBuildPhase section */
		2C741F411C61842000400651 /* Resources */ = {
			isa = PBXResourcesBuildPhase;
			buildActionMask = 2147483647;
			files = (
				2C0A66D21C6A285F001BFC72 /* teatro.jpg in Resources */,
				2C741F511C61842100400651 /* LaunchScreen.storyboard in Resources */,
				2C741F4E1C61842100400651 /* Assets.xcassets in Resources */,
				2C0A66C91C6A2221001BFC72 /* jateado.jpg in Resources */,
				2C0A66D11C6A285F001BFC72 /* rock.jpg in Resources */,
				2C0A66D01C6A285F001BFC72 /* carnaval.jpg in Resources */,
				2C5FB23B1C668AE40037B375 /* Eventos.jpg in Resources */,
				2C741F4C1C61842000400651 /* Main.storyboard in Resources */,
			);
			runOnlyForDeploymentPostprocessing = 0;
		};
/* End PBXResourcesBuildPhase section */

/* Begin PBXSourcesBuildPhase section */
		2C741F3F1C61842000400651 /* Sources */ = {
			isa = PBXSourcesBuildPhase;
			buildActionMask = 2147483647;
			files = (
				2C0A66CB1C6A2674001BFC72 /* Evento.swift in Sources */,
				2C741F471C61842000400651 /* AppDelegate.swift in Sources */,
				2C0A66C41C6A1EA4001BFC72 /* AgendaTableViewCell.swift in Sources */,
				2C741F591C61846000400651 /* AgendaViewController.swift in Sources */,
			);
			runOnlyForDeploymentPostprocessing = 0;
		};
/* End PBXSourcesBuildPhase section */

/* Begin PBXVariantGroup section */
		2C741F4A1C61842000400651 /* Main.storyboard */ = {
			isa = PBXVariantGroup;
			children = (
				2C741F4B1C61842000400651 /* Base */,
			);
			name = Main.storyboard;
			sourceTree = "<group>";
		};
		2C741F4F1C61842100400651 /* LaunchScreen.storyboard */ = {
			isa = PBXVariantGroup;
			children = (
				2C741F501C61842100400651 /* Base */,
			);
			name = LaunchScreen.storyboard;
			sourceTree = "<group>";
		};
/* End PBXVariantGroup section */

/* Begin XCBuildConfiguration section */
		2C741F531C61842100400651 /* Debug */ = {
			isa = XCBuildConfiguration;
			buildSettings = {
				ALWAYS_SEARCH_USER_PATHS = NO;
				CLANG_CXX_LANGUAGE_STANDARD = "gnu++0x";
				CLANG_CXX_LIBRARY = "libc++";
				CLANG_ENABLE_MODULES = YES;
				CLANG_ENABLE_OBJC_ARC = YES;
				CLANG_WARN_BOOL_CONVERSION = YES;
				CLANG_WARN_CONSTANT_CONVERSION = YES;
				CLANG_WARN_DIRECT_OBJC_ISA_USAGE = YES_ERROR;
				CLANG_WARN_EMPTY_BODY = YES;
				CLANG_WARN_ENUM_CONVERSION = YES;
				CLANG_WARN_INT_CONVERSION = YES;
				CLANG_WARN_OBJC_ROOT_CLASS = YES_ERROR;
				CLANG_WARN_UNREACHABLE_CODE = YES;
				CLANG_WARN__DUPLICATE_METHOD_MATCH = YES;
				"CODE_SIGN_IDENTITY[sdk=iphoneos*]" = "iPhone Developer";
				COPY_PHASE_STRIP = NO;
				DEBUG_INFORMATION_FORMAT = dwarf;
				ENABLE_STRICT_OBJC_MSGSEND = YES;
				ENABLE_TESTABILITY = YES;
				GCC_C_LANGUAGE_STANDARD = gnu99;
				GCC_DYNAMIC_NO_PIC = NO;
				GCC_NO_COMMON_BLOCKS = YES;
				GCC_OPTIMIZATION_LEVEL = 0;
				GCC_PREPROCESSOR_DEFINITIONS = (
					"DEBUG=1",
					"$(inherited)",
				);
				GCC_WARN_64_TO_32_BIT_CONVERSION = YES;
				GCC_WARN_ABOUT_RETURN_TYPE = YES_ERROR;
				GCC_WARN_UNDECLARED_SELECTOR = YES;
				GCC_WARN_UNINITIALIZED_AUTOS = YES_AGGRESSIVE;
				GCC_WARN_UNUSED_FUNCTION = YES;
				GCC_WARN_UNUSED_VARIABLE = YES;
				IPHONEOS_DEPLOYMENT_TARGET = 9.2;
				MTL_ENABLE_DEBUG_INFO = YES;
				ONLY_ACTIVE_ARCH = YES;
				SDKROOT = iphoneos;
				SWIFT_OPTIMIZATION_LEVEL = "-Onone";
				TARGETED_DEVICE_FAMILY = "1,2";
			};
			name = Debug;
		};
		2C741F541C61842100400651 /* Release */ = {
			isa = XCBuildConfiguration;
			buildSettings = {
				ALWAYS_SEARCH_USER_PATHS = NO;
				CLANG_CXX_LANGUAGE_STANDARD = "gnu++0x";
				CLANG_CXX_LIBRARY = "libc++";
				CLANG_ENABLE_MODULES = YES;
				CLANG_ENABLE_OBJC_ARC = YES;
				CLANG_WARN_BOOL_CONVERSION = YES;
				CLANG_WARN_CONSTANT_CONVERSION = YES;
				CLANG_WARN_DIRECT_OBJC_ISA_USAGE = YES_ERROR;
				CLANG_WARN_EMPTY_BODY = YES;
				CLANG_WARN_ENUM_CONVERSION = YES;
				CLANG_WARN_INT_CONVERSION = YES;
				CLANG_WARN_OBJC_ROOT_CLASS = YES_ERROR;
				CLANG_WARN_UNREACHABLE_CODE = YES;
				CLANG_WARN__DUPLICATE_METHOD_MATCH = YES;
				"CODE_SIGN_IDENTITY[sdk=iphoneos*]" = "iPhone Developer";
				COPY_PHASE_STRIP = NO;
				DEBUG_INFORMATION_FORMAT = "dwarf-with-dsym";
				ENABLE_NS_ASSERTIONS = NO;
				ENABLE_STRICT_OBJC_MSGSEND = YES;
				GCC_C_LANGUAGE_STANDARD = gnu99;
				GCC_NO_COMMON_BLOCKS = YES;
				GCC_WARN_64_TO_32_BIT_CONVERSION = YES;
				GCC_WARN_ABOUT_RETURN_TYPE = YES_ERROR;
				GCC_WARN_UNDECLARED_SELECTOR = YES;
				GCC_WARN_UNINITIALIZED_AUTOS = YES_AGGRESSIVE;
				GCC_WARN_UNUSED_FUNCTION = YES;
				GCC_WARN_UNUSED_VARIABLE = YES;
				IPHONEOS_DEPLOYMENT_TARGET = 9.2;
				MTL_ENABLE_DEBUG_INFO = NO;
				SDKROOT = iphoneos;
				TARGETED_DEVICE_FAMILY = "1,2";
				VALIDATE_PRODUCT = YES;
			};
			name = Release;
		};
		2C741F561C61842100400651 /* Debug */ = {
			isa = XCBuildConfiguration;
			buildSettings = {
				ASSETCATALOG_COMPILER_APPICON_NAME = AppIcon;
				INFOPLIST_FILE = AgendaCultural/Info.plist;
				LD_RUNPATH_SEARCH_PATHS = "$(inherited) @executable_path/Frameworks";
				PRODUCT_BUNDLE_IDENTIFIER = br.com.agenda.AgendaCultural;
				PRODUCT_NAME = "$(TARGET_NAME)";
			};
			name = Debug;
		};
		2C741F571C61842100400651 /* Release */ = {
			isa = XCBuildConfiguration;
			buildSettings = {
				ASSETCATALOG_COMPILER_APPICON_NAME = AppIcon;
				INFOPLIST_FILE = AgendaCultural/Info.plist;
				LD_RUNPATH_SEARCH_PATHS = "$(inherited) @executable_path/Frameworks";
				PRODUCT_BUNDLE_IDENTIFIER = br.com.agenda.AgendaCultural;
				PRODUCT_NAME = "$(TARGET_NAME)";
			};
			name = Release;
		};
/* End XCBuildConfiguration section */

/* Begin XCConfigurationList section */
		2C741F3E1C61842000400651 /* Build configuration list for PBXProject "AgendaCultural" */ = {
			isa = XCConfigurationList;
			buildConfigurations = (
				2C741F531C61842100400651 /* Debug */,
				2C741F541C61842100400651 /* Release */,
			);
			defaultConfigurationIsVisible = 0;
			defaultConfigurationName = Release;
		};
		2C741F551C61842100400651 /* Build configuration list for PBXNativeTarget "AgendaCultural" */ = {
			isa = XCConfigurationList;
			buildConfigurations = (
				2C741F561C61842100400651 /* Debug */,
				2C741F571C61842100400651 /* Release */,
			);
			defaultConfigurationIsVisible = 0;
			defaultConfigurationName = Release;
		};
/* End XCConfigurationList section */
	};
	rootObject = 2C741F3B1C61842000400651 /* Project object */;
}
